
Microsoft Visual Studio Solution File, Format Version 12.00
# Visual Studio Version 16
VisualStudioVersion = 16.0.29025.244
MinimumVisualStudioVersion = 10.0.40219.1
Project("{9A19103F-16F7-4668-BE54-9A1E7A4F7556}") = "Syncfusion.WizardViews", "Syncfusion.WizardViews\Syncfusion.WizardViews.csproj", "{0335499A-7A02-4312-88EA-131CEB0754CC}"
EndProject
Project("{FAE04EC0-301F-11D3-BF4B-00C04F79EFBC}") = "Syncfusion.WizardViews.Android", "Syncfusion.WizardViews.Android\Syncfusion.WizardViews.Android.csproj", "{A3FC0E74-9B5C-4F84-B6D9-D5854D7F1BCB}"
EndProject
Project("{FAE04EC0-301F-11D3-BF4B-00C04F79EFBC}") = "Syncfusion.WizardViews.iOS", "Syncfusion.WizardViews.iOS\Syncfusion.WizardViews.iOS.csproj", "{650C9B46-284B-485F-A36E-52C187330D24}"
EndProject
Project("{FAE04EC0-301F-11D3-BF4B-00C04F79EFBC}") = "Syncfusion.WizardViews.UWP", "Syncfusion.WizardViews.UWP\Syncfusion.WizardViews.UWP.csproj", "{BE600BBD-916A-4592-AA40-7D64E00656EC}"
EndProject
Global
	GlobalSection(SolutionConfigurationPlatforms) = preSolution
		Ad-Hoc|Any CPU = Ad-Hoc|Any CPU
		Ad-Hoc|ARM = Ad-Hoc|ARM
		Ad-Hoc|iPhone = Ad-Hoc|iPhone
		Ad-Hoc|iPhoneSimulator = Ad-Hoc|iPhoneSimulator
		Ad-Hoc|x64 = Ad-Hoc|x64
		Ad-Hoc|x86 = Ad-Hoc|x86
		AppStore|Any CPU = AppStore|Any CPU
		AppStore|ARM = AppStore|ARM
		AppStore|iPhone = AppStore|iPhone
		AppStore|iPhoneSimulator = AppStore|iPhoneSimulator
		AppStore|x64 = AppStore|x64
		AppStore|x86 = AppStore|x86
		Debug|Any CPU = Debug|Any CPU
		Debug|ARM = Debug|ARM
		Debug|iPhone = Debug|iPhone
		Debug|iPhoneSimulator = Debug|iPhoneSimulator
		Debug|x64 = Debug|x64
		Debug|x86 = Debug|x86
		Release|Any CPU = Release|Any CPU
		Release|ARM = Release|ARM
		Release|iPhone = Release|iPhone
		Release|iPhoneSimulator = Release|iPhoneSimulator
		Release|x64 = Release|x64
		Release|x86 = Release|x86
	EndGlobalSection
	GlobalSection(ProjectConfigurationPlatforms) = postSolution
		{0335499A-7A02-4312-88EA-131CEB0754CC}.Ad-Hoc|Any CPU.ActiveCfg = Debug|Any CPU
		{0335499A-7A02-4312-88EA-131CEB0754CC}.Ad-Hoc|Any CPU.Build.0 = Debug|Any CPU
		{0335499A-7A02-4312-88EA-131CEB0754CC}.Ad-Hoc|ARM.ActiveCfg = Debug|Any CPU
		{0335499A-7A02-4312-88EA-131CEB0754CC}.Ad-Hoc|ARM.Build.0 = Debug|Any CPU
		{0335499A-7A02-4312-88EA-131CEB0754CC}.Ad-Hoc|iPhone.ActiveCfg = Debug|Any CPU
		{0335499A-7A02-4312-88EA-131CEB0754CC}.Ad-Hoc|iPhone.Build.0 = Debug|Any CPU
		{0335499A-7A02-4312-88EA-131CEB0754CC}.Ad-Hoc|iPhoneSimulator.ActiveCfg = Debug|Any CPU
		{0335499A-7A02-4312-88EA-131CEB0754CC}.Ad-Hoc|iPhoneSimulator.Build.0 = Debug|Any CPU
		{0335499A-7A02-4312-88EA-131CEB0754CC}.Ad-Hoc|x64.ActiveCfg = Debug|Any CPU
		{0335499A-7A02-4312-88EA-131CEB0754CC}.Ad-Hoc|x64.Build.0 = Debug|Any CPU
		{0335499A-7A02-4312-88EA-131CEB0754CC}.Ad-Hoc|x86.ActiveCfg = Debug|Any CPU
		{0335499A-7A02-4312-88EA-131CEB0754CC}.Ad-Hoc|x86.Build.0 = Debug|Any CPU
		{0335499A-7A02-4312-88EA-131CEB0754CC}.AppStore|Any CPU.ActiveCfg = Debug|Any CPU
		{0335499A-7A02-4312-88EA-131CEB0754CC}.AppStore|Any CPU.Build.0 = Debug|Any CPU
		{0335499A-7A02-4312-88EA-131CEB0754CC}.AppStore|ARM.ActiveCfg = Debug|Any CPU
		{0335499A-7A02-4312-88EA-131CEB0754CC}.AppStore|ARM.Build.0 = Debug|Any CPU
		{0335499A-7A02-4312-88EA-131CEB0754CC}.AppStore|iPhone.ActiveCfg = Debug|Any CPU
		{0335499A-7A02-4312-88EA-131CEB0754CC}.AppStore|iPhone.Build.0 = Debug|Any CPU
		{0335499A-7A02-4312-88EA-131CEB0754CC}.AppStore|iPhoneSimulator.ActiveCfg = Debug|Any CPU
		{0335499A-7A02-4312-88EA-131CEB0754CC}.AppStore|iPhoneSimulator.Build.0 = Debug|Any CPU
		{0335499A-7A02-4312-88EA-131CEB0754CC}.AppStore|x64.ActiveCfg = Debug|Any CPU
		{0335499A-7A02-4312-88EA-131CEB0754CC}.AppStore|x64.Build.0 = Debug|Any CPU
		{0335499A-7A02-4312-88EA-131CEB0754CC}.AppStore|x86.ActiveCfg = Debug|Any CPU
		{0335499A-7A02-4312-88EA-131CEB0754CC}.AppStore|x86.Build.0 = Debug|Any CPU
		{0335499A-7A02-4312-88EA-131CEB0754CC}.Debug|Any CPU.ActiveCfg = Debug|Any CPU
		{0335499A-7A02-4312-88EA-131CEB0754CC}.Debug|Any CPU.Build.0 = Debug|Any CPU
		{0335499A-7A02-4312-88EA-131CEB0754CC}.Debug|ARM.ActiveCfg = Debug|Any CPU
		{0335499A-7A02-4312-88EA-131CEB0754CC}.Debug|ARM.Build.0 = Debug|Any CPU
		{0335499A-7A02-4312-88EA-131CEB0754CC}.Debug|iPhone.ActiveCfg = Debug|Any CPU
		{0335499A-7A02-4312-88EA-131CEB0754CC}.Debug|iPhone.Build.0 = Debug|Any CPU
		{0335499A-7A02-4312-88EA-131CEB0754CC}.Debug|iPhoneSimulator.ActiveCfg = Debug|Any CPU
		{0335499A-7A02-4312-88EA-131CEB0754CC}.Debug|iPhoneSimulator.Build.0 = Debug|Any CPU
		{0335499A-7A02-4312-88EA-131CEB0754CC}.Debug|x64.ActiveCfg = Debug|Any CPU
		{0335499A-7A02-4312-88EA-131CEB0754CC}.Debug|x64.Build.0 = Debug|Any CPU
		{0335499A-7A02-4312-88EA-131CEB0754CC}.Debug|x86.ActiveCfg = Debug|Any CPU
		{0335499A-7A02-4312-88EA-131CEB0754CC}.Debug|x86.Build.0 = Debug|Any CPU
		{0335499A-7A02-4312-88EA-131CEB0754CC}.Release|Any CPU.ActiveCfg = Release|Any CPU
		{0335499A-7A02-4312-88EA-131CEB0754CC}.Release|Any CPU.Build.0 = Release|Any CPU
		{0335499A-7A02-4312-88EA-131CEB0754CC}.Release|ARM.ActiveCfg = Release|Any CPU
		{0335499A-7A02-4312-88EA-131CEB0754CC}.Release|ARM.Build.0 = Release|Any CPU
		{0335499A-7A02-4312-88EA-131CEB0754CC}.Release|iPhone.ActiveCfg = Release|Any CPU
		{0335499A-7A02-4312-88EA-131CEB0754CC}.Release|iPhone.Build.0 = Release|Any CPU
		{0335499A-7A02-4312-88EA-131CEB0754CC}.Release|iPhoneSimulator.ActiveCfg = Release|Any CPU
		{0335499A-7A02-4312-88EA-131CEB0754CC}.Release|iPhoneSimulator.Build.0 = Release|Any CPU
		{0335499A-7A02-4312-88EA-131CEB0754CC}.Release|x64.ActiveCfg = Release|Any CPU
		{0335499A-7A02-4312-88EA-131CEB0754CC}.Release|x64.Build.0 = Release|Any CPU
		{0335499A-7A02-4312-88EA-131CEB0754CC}.Release|x86.ActiveCfg = Release|Any CPU
		{0335499A-7A02-4312-88EA-131CEB0754CC}.Release|x86.Build.0 = Release|Any CPU
		{A3FC0E74-9B5C-4F84-B6D9-D5854D7F1BCB}.Ad-Hoc|Any CPU.ActiveCfg = Release|Any CPU
		{A3FC0E74-9B5C-4F84-B6D9-D5854D7F1BCB}.Ad-Hoc|Any CPU.Build.0 = Release|Any CPU
		{A3FC0E74-9B5C-4F84-B6D9-D5854D7F1BCB}.Ad-Hoc|Any CPU.Deploy.0 = Release|Any CPU
		{A3FC0E74-9B5C-4F84-B6D9-D5854D7F1BCB}.Ad-Hoc|ARM.ActiveCfg = Release|Any CPU
		{A3FC0E74-9B5C-4F84-B6D9-D5854D7F1BCB}.Ad-Hoc|ARM.Build.0 = Release|Any CPU
		{A3FC0E74-9B5C-4F84-B6D9-D5854D7F1BCB}.Ad-Hoc|ARM.Deploy.0 = Release|Any CPU
		{A3FC0E74-9B5C-4F84-B6D9-D5854D7F1BCB}.Ad-Hoc|iPhone.ActiveCfg = Release|Any CPU
		{A3FC0E74-9B5C-4F84-B6D9-D5854D7F1BCB}.Ad-Hoc|iPhone.Build.0 = Release|Any CPU
		{A3FC0E74-9B5C-4F84-B6D9-D5854D7F1BCB}.Ad-Hoc|iPhone.Deploy.0 = Release|Any CPU
		{A3FC0E74-9B5C-4F84-B6D9-D5854D7F1BCB}.Ad-Hoc|iPhoneSimulator.ActiveCfg = Release|Any CPU
		{A3FC0E74-9B5C-4F84-B6D9-D5854D7F1BCB}.Ad-Hoc|iPhoneSimulator.Build.0 = Release|Any CPU
		{A3FC0E74-9B5C-4F84-B6D9-D5854D7F1BCB}.Ad-Hoc|iPhoneSimulator.Deploy.0 = Release|Any CPU
		{A3FC0E74-9B5C-4F84-B6D9-D5854D7F1BCB}.Ad-Hoc|x64.ActiveCfg = Release|Any CPU
		{A3FC0E74-9B5C-4F84-B6D9-D5854D7F1BCB}.Ad-Hoc|x64.Build.0 = Release|Any CPU
		{A3FC0E74-9B5C-4F84-B6D9-D5854D7F1BCB}.Ad-Hoc|x64.Deploy.0 = Release|Any CPU
		{A3FC0E74-9B5C-4F84-B6D9-D5854D7F1BCB}.Ad-Hoc|x86.ActiveCfg = Release|Any CPU
		{A3FC0E74-9B5C-4F84-B6D9-D5854D7F1BCB}.Ad-Hoc|x86.Build.0 = Release|Any CPU
		{A3FC0E74-9B5C-4F84-B6D9-D5854D7F1BCB}.Ad-Hoc|x86.Deploy.0 = Release|Any CPU
		{A3FC0E74-9B5C-4F84-B6D9-D5854D7F1BCB}.AppStore|Any CPU.ActiveCfg = Release|Any CPU
		{A3FC0E74-9B5C-4F84-B6D9-D5854D7F1BCB}.AppStore|Any CPU.Build.0 = Release|Any CPU
		{A3FC0E74-9B5C-4F84-B6D9-D5854D7F1BCB}.AppStore|Any CPU.Deploy.0 = Release|Any CPU
		{A3FC0E74-9B5C-4F84-B6D9-D5854D7F1BCB}.AppStore|ARM.ActiveCfg = Release|Any CPU
		{A3FC0E74-9B5C-4F84-B6D9-D5854D7F1BCB}.AppStore|ARM.Build.0 = Release|Any CPU
		{A3FC0E74-9B5C-4F84-B6D9-D5854D7F1BCB}.AppStore|ARM.Deploy.0 = Release|Any CPU
		{A3FC0E74-9B5C-4F84-B6D9-D5854D7F1BCB}.AppStore|iPhone.ActiveCfg = Release|Any CPU
		{A3FC0E74-9B5C-4F84-B6D9-D5854D7F1BCB}.AppStore|iPhone.Build.0 = Release|Any CPU
		{A3FC0E74-9B5C-4F84-B6D9-D5854D7F1BCB}.AppStore|iPhone.Deploy.0 = Release|Any CPU
		{A3FC0E74-9B5C-4F84-B6D9-D5854D7F1BCB}.AppStore|iPhoneSimulator.ActiveCfg = Release|Any CPU
		{A3FC0E74-9B5C-4F84-B6D9-D5854D7F1BCB}.AppStore|iPhoneSimulator.Build.0 = Release|Any CPU
		{A3FC0E74-9B5C-4F84-B6D9-D5854D7F1BCB}.AppStore|iPhoneSimulator.Deploy.0 = Release|Any CPU
		{A3FC0E74-9B5C-4F84-B6D9-D5854D7F1BCB}.AppStore|x64.ActiveCfg = Release|Any CPU
		{A3FC0E74-9B5C-4F84-B6D9-D5854D7F1BCB}.AppStore|x64.Build.0 = Release|Any CPU
		{A3FC0E74-9B5C-4F84-B6D9-D5854D7F1BCB}.AppStore|x64.Deploy.0 = Release|Any CPU
		{A3FC0E74-9B5C-4F84-B6D9-D5854D7F1BCB}.AppStore|x86.ActiveCfg = Release|Any CPU
		{A3FC0E74-9B5C-4F84-B6D9-D5854D7F1BCB}.AppStore|x86.Build.0 = Release|Any CPU
		{A3FC0E74-9B5C-4F84-B6D9-D5854D7F1BCB}.AppStore|x86.Deploy.0 = Release|Any CPU
		{A3FC0E74-9B5C-4F84-B6D9-D5854D7F1BCB}.Debug|Any CPU.ActiveCfg = Debug|Any CPU
		{A3FC0E74-9B5C-4F84-B6D9-D5854D7F1BCB}.Debug|Any CPU.Build.0 = Debug|Any CPU
		{A3FC0E74-9B5C-4F84-B6D9-D5854D7F1BCB}.Debug|Any CPU.Deploy.0 = Debug|Any CPU
		{A3FC0E74-9B5C-4F84-B6D9-D5854D7F1BCB}.Debug|ARM.ActiveCfg = Debug|Any CPU
		{A3FC0E74-9B5C-4F84-B6D9-D5854D7F1BCB}.Debug|ARM.Build.0 = Debug|Any CPU
		{A3FC0E74-9B5C-4F84-B6D9-D5854D7F1BCB}.Debug|ARM.Deploy.0 = Debug|Any CPU
		{A3FC0E74-9B5C-4F84-B6D9-D5854D7F1BCB}.Debug|iPhone.ActiveCfg = Debug|Any CPU
		{A3FC0E74-9B5C-4F84-B6D9-D5854D7F1BCB}.Debug|iPhoneSimulator.ActiveCfg = Debug|Any CPU
		{A3FC0E74-9B5C-4F84-B6D9-D5854D7F1BCB}.Debug|iPhoneSimulator.Build.0 = Debug|Any CPU
		{A3FC0E74-9B5C-4F84-B6D9-D5854D7F1BCB}.Debug|iPhoneSimulator.Deploy.0 = Debug|Any CPU
		{A3FC0E74-9B5C-4F84-B6D9-D5854D7F1BCB}.Debug|x64.ActiveCfg = Debug|Any CPU
		{A3FC0E74-9B5C-4F84-B6D9-D5854D7F1BCB}.Debug|x64.Build.0 = Debug|Any CPU
		{A3FC0E74-9B5C-4F84-B6D9-D5854D7F1BCB}.Debug|x64.Deploy.0 = Debug|Any CPU
		{A3FC0E74-9B5C-4F84-B6D9-D5854D7F1BCB}.Debug|x86.ActiveCfg = Debug|Any CPU
		{A3FC0E74-9B5C-4F84-B6D9-D5854D7F1BCB}.Debug|x86.Build.0 = Debug|Any CPU
		{A3FC0E74-9B5C-4F84-B6D9-D5854D7F1BCB}.Debug|x86.Deploy.0 = Debug|Any CPU
		{A3FC0E74-9B5C-4F84-B6D9-D5854D7F1BCB}.Release|Any CPU.ActiveCfg = Release|Any CPU
		{A3FC0E74-9B5C-4F84-B6D9-D5854D7F1BCB}.Release|Any CPU.Build.0 = Release|Any CPU
		{A3FC0E74-9B5C-4F84-B6D9-D5854D7F1BCB}.Release|Any CPU.Deploy.0 = Release|Any CPU
		{A3FC0E74-9B5C-4F84-B6D9-D5854D7F1BCB}.Release|ARM.ActiveCfg = Release|Any CPU
		{A3FC0E74-9B5C-4F84-B6D9-D5854D7F1BCB}.Release|ARM.Build.0 = Release|Any CPU
		{A3FC0E74-9B5C-4F84-B6D9-D5854D7F1BCB}.Release|ARM.Deploy.0 = Release|Any CPU
		{A3FC0E74-9B5C-4F84-B6D9-D5854D7F1BCB}.Release|iPhone.ActiveCfg = Release|Any CPU
		{A3FC0E74-9B5C-4F84-B6D9-D5854D7F1BCB}.Release|iPhone.Build.0 = Release|Any CPU
		{A3FC0E74-9B5C-4F84-B6D9-D5854D7F1BCB}.Release|iPhone.Deploy.0 = Release|Any CPU
		{A3FC0E74-9B5C-4F84-B6D9-D5854D7F1BCB}.Release|iPhoneSimulator.ActiveCfg = Release|Any CPU
		{A3FC0E74-9B5C-4F84-B6D9-D5854D7F1BCB}.Release|iPhoneSimulator.Build.0 = Release|Any CPU
		{A3FC0E74-9B5C-4F84-B6D9-D5854D7F1BCB}.Release|iPhoneSimulator.Deploy.0 = Release|Any CPU
		{A3FC0E74-9B5C-4F84-B6D9-D5854D7F1BCB}.Release|x64.ActiveCfg = Release|Any CPU
		{A3FC0E74-9B5C-4F84-B6D9-D5854D7F1BCB}.Release|x64.Build.0 = Release|Any CPU
		{A3FC0E74-9B5C-4F84-B6D9-D5854D7F1BCB}.Release|x64.Deploy.0 = Release|Any CPU
		{A3FC0E74-9B5C-4F84-B6D9-D5854D7F1BCB}.Release|x86.ActiveCfg = Release|Any CPU
		{A3FC0E74-9B5C-4F84-B6D9-D5854D7F1BCB}.Release|x86.Build.0 = Release|Any CPU
		{A3FC0E74-9B5C-4F84-B6D9-D5854D7F1BCB}.Release|x86.Deploy.0 = Release|Any CPU
		{650C9B46-284B-485F-A36E-52C187330D24}.Ad-Hoc|Any CPU.ActiveCfg = Ad-Hoc|iPhone
		{650C9B46-284B-485F-A36E-52C187330D24}.Ad-Hoc|ARM.ActiveCfg = Ad-Hoc|iPhone
		{650C9B46-284B-485F-A36E-52C187330D24}.Ad-Hoc|iPhone.ActiveCfg = Ad-Hoc|iPhone
		{650C9B46-284B-485F-A36E-52C187330D24}.Ad-Hoc|iPhone.Build.0 = Ad-Hoc|iPhone
		{650C9B46-284B-485F-A36E-52C187330D24}.Ad-Hoc|iPhoneSimulator.ActiveCfg = Ad-Hoc|iPhoneSimulator
		{650C9B46-284B-485F-A36E-52C187330D24}.Ad-Hoc|iPhoneSimulator.Build.0 = Ad-Hoc|iPhoneSimulator
		{650C9B46-284B-485F-A36E-52C187330D24}.Ad-Hoc|x64.ActiveCfg = Ad-Hoc|iPhone
		{650C9B46-284B-485F-A36E-52C187330D24}.Ad-Hoc|x86.ActiveCfg = Ad-Hoc|iPhone
		{650C9B46-284B-485F-A36E-52C187330D24}.AppStore|Any CPU.ActiveCfg = AppStore|iPhone
		{650C9B46-284B-485F-A36E-52C187330D24}.AppStore|ARM.ActiveCfg = AppStore|iPhone
		{650C9B46-284B-485F-A36E-52C187330D24}.AppStore|iPhone.ActiveCfg = AppStore|iPhone
		{650C9B46-284B-485F-A36E-52C187330D24}.AppStore|iPhone.Build.0 = AppStore|iPhone
		{650C9B46-284B-485F-A36E-52C187330D24}.AppStore|iPhoneSimulator.ActiveCfg = AppStore|iPhoneSimulator
		{650C9B46-284B-485F-A36E-52C187330D24}.AppStore|iPhoneSimulator.Build.0 = AppStore|iPhoneSimulator
		{650C9B46-284B-485F-A36E-52C187330D24}.AppStore|x64.ActiveCfg = AppStore|iPhone
		{650C9B46-284B-485F-A36E-52C187330D24}.AppStore|x86.ActiveCfg = AppStore|iPhone
		{650C9B46-284B-485F-A36E-52C187330D24}.Debug|Any CPU.ActiveCfg = Debug|iPhone
		{650C9B46-284B-485F-A36E-52C187330D24}.Debug|ARM.ActiveCfg = Debug|iPhone
		{650C9B46-284B-485F-A36E-52C187330D24}.Debug|iPhone.ActiveCfg = Debug|iPhone
		{650C9B46-284B-485F-A36E-52C187330D24}.Debug|iPhone.Build.0 = Debug|iPhone
		{650C9B46-284B-485F-A36E-52C187330D24}.Debug|iPhoneSimulator.ActiveCfg = Debug|iPhoneSimulator
		{650C9B46-284B-485F-A36E-52C187330D24}.Debug|iPhoneSimulator.Build.0 = Debug|iPhoneSimulator
		{650C9B46-284B-485F-A36E-52C187330D24}.Debug|x64.ActiveCfg = Debug|iPhone
		{650C9B46-284B-485F-A36E-52C187330D24}.Debug|x86.ActiveCfg = Debug|iPhone
		{650C9B46-284B-485F-A36E-52C187330D24}.Release|Any CPU.ActiveCfg = Release|iPhone
		{650C9B46-284B-485F-A36E-52C187330D24}.Release|ARM.ActiveCfg = Release|iPhone
		{650C9B46-284B-485F-A36E-52C187330D24}.Release|iPhone.ActiveCfg = Release|iPhone
		{650C9B46-284B-485F-A36E-52C187330D24}.Release|iPhone.Build.0 = Release|iPhone
		{650C9B46-284B-485F-A36E-52C187330D24}.Release|iPhoneSimulator.ActiveCfg = Release|iPhoneSimulator
		{650C9B46-284B-485F-A36E-52C187330D24}.Release|iPhoneSimulator.Build.0 = Release|iPhoneSimulator
		{650C9B46-284B-485F-A36E-52C187330D24}.Release|x64.ActiveCfg = Release|iPhone
		{650C9B46-284B-485F-A36E-52C187330D24}.Release|x86.ActiveCfg = Release|iPhone
		{BE600BBD-916A-4592-AA40-7D64E00656EC}.Ad-Hoc|Any CPU.ActiveCfg = Release|x86
		{BE600BBD-916A-4592-AA40-7D64E00656EC}.Ad-Hoc|Any CPU.Build.0 = Release|x86
		{BE600BBD-916A-4592-AA40-7D64E00656EC}.Ad-Hoc|Any CPU.Deploy.0 = Release|x86
		{BE600BBD-916A-4592-AA40-7D64E00656EC}.Ad-Hoc|ARM.ActiveCfg = Release|ARM
		{BE600BBD-916A-4592-AA40-7D64E00656EC}.Ad-Hoc|ARM.Build.0 = Release|ARM
		{BE600BBD-916A-4592-AA40-7D64E00656EC}.Ad-Hoc|ARM.Deploy.0 = Release|ARM
		{BE600BBD-916A-4592-AA40-7D64E00656EC}.Ad-Hoc|iPhone.ActiveCfg = Release|x86
		{BE600BBD-916A-4592-AA40-7D64E00656EC}.Ad-Hoc|iPhone.Build.0 = Release|x86
		{BE600BBD-916A-4592-AA40-7D64E00656EC}.Ad-Hoc|iPhone.Deploy.0 = Release|x86
		{BE600BBD-916A-4592-AA40-7D64E00656EC}.Ad-Hoc|iPhoneSimulator.ActiveCfg = Release|x86
		{BE600BBD-916A-4592-AA40-7D64E00656EC}.Ad-Hoc|iPhoneSimulator.Build.0 = Release|x86
		{BE600BBD-916A-4592-AA40-7D64E00656EC}.Ad-Hoc|iPhoneSimulator.Deploy.0 = Release|x86
		{BE600BBD-916A-4592-AA40-7D64E00656EC}.Ad-Hoc|x64.ActiveCfg = Release|x64
		{BE600BBD-916A-4592-AA40-7D64E00656EC}.Ad-Hoc|x64.Build.0 = Release|x64
		{BE600BBD-916A-4592-AA40-7D64E00656EC}.Ad-Hoc|x64.Deploy.0 = Release|x64
		{BE600BBD-916A-4592-AA40-7D64E00656EC}.Ad-Hoc|x86.ActiveCfg = Release|x86
		{BE600BBD-916A-4592-AA40-7D64E00656EC}.Ad-Hoc|x86.Build.0 = Release|x86
		{BE600BBD-916A-4592-AA40-7D64E00656EC}.Ad-Hoc|x86.Deploy.0 = Release|x86
		{BE600BBD-916A-4592-AA40-7D64E00656EC}.AppStore|Any CPU.ActiveCfg = Release|x86
		{BE600BBD-916A-4592-AA40-7D64E00656EC}.AppStore|Any CPU.Build.0 = Release|x86
		{BE600BBD-916A-4592-AA40-7D64E00656EC}.AppStore|Any CPU.Deploy.0 = Release|x86
		{BE600BBD-916A-4592-AA40-7D64E00656EC}.AppStore|ARM.ActiveCfg = Release|ARM
		{BE600BBD-916A-4592-AA40-7D64E00656EC}.AppStore|ARM.Build.0 = Release|ARM
		{BE600BBD-916A-4592-AA40-7D64E00656EC}.AppStore|ARM.Deploy.0 = Release|ARM
		{BE600BBD-916A-4592-AA40-7D64E00656EC}.AppStore|iPhone.ActiveCfg = Release|x86
		{BE600BBD-916A-4592-AA40-7D64E00656EC}.AppStore|iPhone.Build.0 = Release|x86
		{BE600BBD-916A-4592-AA40-7D64E00656EC}.AppStore|iPhone.Deploy.0 = Release|x86
		{BE600BBD-916A-4592-AA40-7D64E00656EC}.AppStore|iPhoneSimulator.ActiveCfg = Release|x86
		{BE600BBD-916A-4592-AA40-7D64E00656EC}.AppStore|iPhoneSimulator.Build.0 = Release|x86
		{BE600BBD-916A-4592-AA40-7D64E00656EC}.AppStore|iPhoneSimulator.Deploy.0 = Release|x86
		{BE600BBD-916A-4592-AA40-7D64E00656EC}.AppStore|x64.ActiveCfg = Release|x64
		{BE600BBD-916A-4592-AA40-7D64E00656EC}.AppStore|x64.Build.0 = Release|x64
		{BE600BBD-916A-4592-AA40-7D64E00656EC}.AppStore|x64.Deploy.0 = Release|x64
		{BE600BBD-916A-4592-AA40-7D64E00656EC}.AppStore|x86.ActiveCfg = Release|x86
		{BE600BBD-916A-4592-AA40-7D64E00656EC}.AppStore|x86.Build.0 = Release|x86
		{BE600BBD-916A-4592-AA40-7D64E00656EC}.AppStore|x86.Deploy.0 = Release|x86
		{BE600BBD-916A-4592-AA40-7D64E00656EC}.Debug|Any CPU.ActiveCfg = Debug|x86
		{BE600BBD-916A-4592-AA40-7D64E00656EC}.Debug|ARM.ActiveCfg = Debug|ARM
		{BE600BBD-916A-4592-AA40-7D64E00656EC}.Debug|ARM.Build.0 = Debug|ARM
		{BE600BBD-916A-4592-AA40-7D64E00656EC}.Debug|ARM.Deploy.0 = Debug|ARM
		{BE600BBD-916A-4592-AA40-7D64E00656EC}.Debug|iPhone.ActiveCfg = Debug|x86
		{BE600BBD-916A-4592-AA40-7D64E00656EC}.Debug|iPhoneSimulator.ActiveCfg = Debug|x86
		{BE600BBD-916A-4592-AA40-7D64E00656EC}.Debug|x64.ActiveCfg = Debug|x64
		{BE600BBD-916A-4592-AA40-7D64E00656EC}.Debug|x64.Build.0 = Debug|x64
		{BE600BBD-916A-4592-AA40-7D64E00656EC}.Debug|x64.Deploy.0 = Debug|x64
		{BE600BBD-916A-4592-AA40-7D64E00656EC}.Debug|x86.ActiveCfg = Debug|x86
		{BE600BBD-916A-4592-AA40-7D64E00656EC}.Debug|x86.Build.0 = Debug|x86
		{BE600BBD-916A-4592-AA40-7D64E00656EC}.Debug|x86.Deploy.0 = Debug|x86
		{BE600BBD-916A-4592-AA40-7D64E00656EC}.Release|Any CPU.ActiveCfg = Release|x86
		{BE600BBD-916A-4592-AA40-7D64E00656EC}.Release|ARM.ActiveCfg = Release|ARM
		{BE600BBD-916A-4592-AA40-7D64E00656EC}.Release|ARM.Build.0 = Release|ARM
		{BE600BBD-916A-4592-AA40-7D64E00656EC}.Release|ARM.Deploy.0 = Release|ARM
		{BE600BBD-916A-4592-AA40-7D64E00656EC}.Release|iPhone.ActiveCfg = Release|x86
		{BE600BBD-916A-4592-AA40-7D64E00656EC}.Release|iPhoneSimulator.ActiveCfg = Release|x86
		{BE600BBD-916A-4592-AA40-7D64E00656EC}.Release|x64.ActiveCfg = Release|x64
		{BE600BBD-916A-4592-AA40-7D64E00656EC}.Release|x64.Build.0 = Release|x64
		{BE600BBD-916A-4592-AA40-7D64E00656EC}.Release|x64.Deploy.0 = Release|x64
		{BE600BBD-916A-4592-AA40-7D64E00656EC}.Release|x86.ActiveCfg = Release|x86
		{BE600BBD-916A-4592-AA40-7D64E00656EC}.Release|x86.Build.0 = Release|x86
		{BE600BBD-916A-4592-AA40-7D64E00656EC}.Release|x86.Deploy.0 = Release|x86
	EndGlobalSection
	GlobalSection(SolutionProperties) = preSolution
		HideSolutionNode = FALSE
	EndGlobalSection
	GlobalSection(ExtensibilityGlobals) = postSolution
		SolutionGuid = {BCF1912A-D31E-4991-AFAB-CFB9F33C880D}
	EndGlobalSection
EndGlobal
